
Microsoft Visual Studio Solution File, Format Version 12.00
# Visual Studio Version 16
VisualStudioVersion = 16.0.29503.13
MinimumVisualStudioVersion = 10.0.40219.1
Project("{FAE04EC0-301F-11D3-BF4B-00C04F79EFBC}") = "Labo1CS", "Labo1CS\Labo1CS.csproj", "{5E93109C-84A3-48CE-AD31-298D59638DCF}"
EndProject
Global
	GlobalSection(SolutionConfigurationPlatforms) = preSolution
		Debug|Any CPU = Debug|Any CPU
		Release|Any CPU = Release|Any CPU
	EndGlobalSection
	GlobalSection(ProjectConfigurationPlatforms) = postSolution
		{5E93109C-84A3-48CE-AD31-298D59638DCF}.Debug|Any CPU.ActiveCfg = Debug|Any CPU
		{5E93109C-84A3-48CE-AD31-298D59638DCF}.Debug|Any CPU.Build.0 = Debug|Any CPU
		{5E93109C-84A3-48CE-AD31-298D59638DCF}.Release|Any CPU.ActiveCfg = Release|Any CPU
		{5E93109C-84A3-48CE-AD31-298D59638DCF}.Release|Any CPU.Build.0 = Release|Any CPU
	EndGlobalSection
	GlobalSection(SolutionProperties) = preSolution
		HideSolutionNode = FALSE
	EndGlobalSection
	GlobalSection(ExtensibilityGlobals) = postSolution
		SolutionGuid = {F6C94EEA-7C90-468A-9594-AA3927E539AF}
	EndGlobalSection
EndGlobal
